speakeasyVersion: 1.385.0
sources:
    merge-code-samples-into-spec:
        sourceNamespace: merge-code-samples-into-spec
        sourceRevisionDigest: sha256:70d42164683647e84ac78b5efa4b0bd45998ff6355cc55c3fee043f74fe5ea6f
        sourceBlobDigest: sha256:891d2f9b670c232d92ac58ed299d889db4f70906118dbd19120e4bae080b7809
        tags:
            - latest
            - main
targets: {}
workflow:
    workflowVersion: 1.0.0
    speakeasyVersion: latest
    sources:
        merge-code-samples-into-spec:
            inputs:
                - location: registry.speakeasyapi.dev/panora/panora/panora-open-api-swagger
            overlays:
                - location: registry.speakeasyapi.dev/panora/panora/code-samples-typescript-my-first-target:main
                - location: registry.speakeasyapi.dev/panora/panora/code-samples-python:main
                - location: registry.speakeasyapi.dev/panora/panora/go-sdk:main
                - location: registry.speakeasyapi.dev/panora/panora/code-samples-ruby:main
            output: packages/api/swagger/openapi-with-code-samples.yaml
            registry:
                location: registry.speakeasyapi.dev/panora/panora/merge-code-samples-into-spec
    targets: {}
